
Microsoft Visual Studio Solution File, Format Version 12.00
# Visual Studio Version 16
VisualStudioVersion = 16.0.30204.135
MinimumVisualStudioVersion = 10.0.40219.1
Project("{FAE04EC0-301F-11D3-BF4B-00C04F79EFBC}") = "Redux sort", "Redux sort\Redux sort.csproj", "{15835798-962B-465C-B362-66BD2ED57C2C}"
EndProject
Global
	GlobalSection(SolutionConfigurationPlatforms) = preSolution
		Debug|Any CPU = Debug|Any CPU
		Release|Any CPU = Release|Any CPU
	EndGlobalSection
	GlobalSection(ProjectConfigurationPlatforms) = postSolution
		{15835798-962B-465C-B362-66BD2ED57C2C}.Debug|Any CPU.ActiveCfg = Debug|Any CPU
		{15835798-962B-465C-B362-66BD2ED57C2C}.Debug|Any CPU.Build.0 = Debug|Any CPU
		{15835798-962B-465C-B362-66BD2ED57C2C}.Release|Any CPU.ActiveCfg = Release|Any CPU
		{15835798-962B-465C-B362-66BD2ED57C2C}.Release|Any CPU.Build.0 = Release|Any CPU
	EndGlobalSection
	GlobalSection(SolutionProperties) = preSolution
		HideSolutionNode = FALSE
	EndGlobalSection
	GlobalSection(ExtensibilityGlobals) = postSolution
		SolutionGuid = {0763A2F1-7846-4911-AF35-31A74CEC4CD9}
	EndGlobalSection
EndGlobal
